// !$*UTF8*$!
{
	archiveVersion = 1;
	classes = {
	};
	objectVersion = 77;
	objects = {

/* Begin PBXBuildFile section */
		B13E6F012CD30A0100FEAAF4 /* FirebaseAuth in Frameworks */ = {isa = PBXBuildFile; productRef = B13E6F002CD30A0100FEAAF4 /* FirebaseAuth */; };
		B13E6F032CD30A0100FEAAF4 /* FirebaseAuthCombine-Community in Frameworks */ = {isa = PBXBuildFile; productRef = B13E6F022CD30A0100FEAAF4 /* FirebaseAuthCombine-Community */; };
		B13E6F052CD30A0100FEAAF4 /* FirebaseCore in Frameworks */ = {isa = PBXBuildFile; productRef = B13E6F042CD30A0100FEAAF4 /* FirebaseCore */; };
		B13E6F072CD30A0100FEAAF4 /* FirebaseDatabase in Frameworks */ = {isa = PBXBuildFile; productRef = B13E6F062CD30A0100FEAAF4 /* FirebaseDatabase */; };
		B13E6F092CD30A0100FEAAF4 /* FirebaseDynamicLinks in Frameworks */ = {isa = PBXBuildFile; productRef = B13E6F082CD30A0100FEAAF4 /* FirebaseDynamicLinks */; };
		B13E6F0B2CD30A0100FEAAF4 /* FirebaseFirestore in Frameworks */ = {isa = PBXBuildFile; productRef = B13E6F0A2CD30A0100FEAAF4 /* FirebaseFirestore */; };
		B13E6F0D2CD30A0100FEAAF4 /* FirebaseFirestoreCombine-Community in Frameworks */ = {isa = PBXBuildFile; productRef = B13E6F0C2CD30A0100FEAAF4 /* FirebaseFirestoreCombine-Community */; };
		B13E6F0F2CD30A0100FEAAF4 /* FirebaseFunctions in Frameworks */ = {isa = PBXBuildFile; productRef = B13E6F0E2CD30A0100FEAAF4 /* FirebaseFunctions */; };
		B13E6F112CD30A0100FEAAF4 /* FirebaseFunctionsCombine-Community in Frameworks */ = {isa = PBXBuildFile; productRef = B13E6F102CD30A0100FEAAF4 /* FirebaseFunctionsCombine-Community */; };
		B13E6F132CD30A0100FEAAF4 /* FirebaseInAppMessaging-Beta in Frameworks */ = {isa = PBXBuildFile; productRef = B13E6F122CD30A0100FEAAF4 /* FirebaseInAppMessaging-Beta */; };
		B13E6F152CD30A0100FEAAF4 /* FirebaseMessaging in Frameworks */ = {isa = PBXBuildFile; productRef = B13E6F142CD30A0100FEAAF4 /* FirebaseMessaging */; };
		B13E6F172CD30A0100FEAAF4 /* FirebaseStorage in Frameworks */ = {isa = PBXBuildFile; productRef = B13E6F162CD30A0100FEAAF4 /* FirebaseStorage */; };
		B13E6F192CD30A0100FEAAF4 /* FirebaseStorageCombine-Community in Frameworks */ = {isa = PBXBuildFile; productRef = B13E6F182CD30A0100FEAAF4 /* FirebaseStorageCombine-Community */; };
/* End PBXBuildFile section */

/* Begin PBXFileReference section */
		B13E6EED2CD2F6D100FEAAF4 /* TrackStocks.app */ = {isa = PBXFileReference; explicitFileType = wrapper.application; includeInIndex = 0; path = TrackStocks.app; sourceTree = BUILT_PRODUCTS_DIR; };
/* End PBXFileReference section */

/* Begin PBXFileSystemSynchronizedRootGroup section */
		B13E6EEF2CD2F6D100FEAAF4 /* TrackStocks */ = {
			isa = PBXFileSystemSynchronizedRootGroup;
			path = TrackStocks;
			sourceTree = "<group>";
		};
/* End PBXFileSystemSynchronizedRootGroup section */

/* Begin PBXFrameworksBuildPhase section */
		B13E6EEA2CD2F6D100FEAAF4 /* Frameworks */ = {
			isa = PBXFrameworksBuildPhase;
			buildActionMask = 2147483647;
			files = (
				B13E6F012CD30A0100FEAAF4 /* FirebaseAuth in Frameworks */,
				B13E6F052CD30A0100FEAAF4 /* FirebaseCore in Frameworks */,
				B13E6F112CD30A0100FEAAF4 /* FirebaseFunctionsCombine-Community in Frameworks */,
				B13E6F192CD30A0100FEAAF4 /* FirebaseStorageCombine-Community in Frameworks */,
				B13E6F072CD30A0100FEAAF4 /* FirebaseDatabase in Frameworks */,
				B13E6F0F2CD30A0100FEAAF4 /* FirebaseFunctions in Frameworks */,
				B13E6F172CD30A0100FEAAF4 /* FirebaseStorage in Frameworks */,
				B13E6F032CD30A0100FEAAF4 /* FirebaseAuthCombine-Community in Frameworks */,
				B13E6F092CD30A0100FEAAF4 /* FirebaseDynamicLinks in Frameworks */,
				B13E6F0B2CD30A0100FEAAF4 /* FirebaseFirestore in Frameworks */,
				B13E6F0D2CD30A0100FEAAF4 /* FirebaseFirestoreCombine-Community in Frameworks */,
				B13E6F152CD30A0100FEAAF4 /* FirebaseMessaging in Frameworks */,
				B13E6F132CD30A0100FEAAF4 /* FirebaseInAppMessaging-Beta in Frameworks */,
			);
			runOnlyForDeploymentPostprocessing = 0;
		};
/* End PBXFrameworksBuildPhase section */

/* Begin PBXGroup section */
		B13E6EE42CD2F6D100FEAAF4 = {
			isa = PBXGroup;
			children = (
				B13E6EEF2CD2F6D100FEAAF4 /* TrackStocks */,
				B13E6EEE2CD2F6D100FEAAF4 /* Products */,
			);
			sourceTree = "<group>";
		};
		B13E6EEE2CD2F6D100FEAAF4 /* Products */ = {
			isa = PBXGroup;
			children = (
				B13E6EED2CD2F6D100FEAAF4 /* TrackStocks.app */,
			);
			name = Products;
			sourceTree = "<group>";
		};
/* End PBXGroup section */

/* Begin PBXNativeTarget section */
		B13E6EEC2CD2F6D100FEAAF4 /* TrackStocks */ = {
			isa = PBXNativeTarget;
			buildConfigurationList = B13E6EFC2CD2F6D200FEAAF4 /* Build configuration list for PBXNativeTarget "TrackStocks" */;
			buildPhases = (
				B13E6EE92CD2F6D100FEAAF4 /* Sources */,
				B13E6EEA2CD2F6D100FEAAF4 /* Frameworks */,
				B13E6EEB2CD2F6D100FEAAF4 /* Resources */,
			);
			buildRules = (
			);
			dependencies = (
			);
			fileSystemSynchronizedGroups = (
				B13E6EEF2CD2F6D100FEAAF4 /* TrackStocks */,
			);
			name = TrackStocks;
			packageProductDependencies = (
				B13E6F002CD30A0100FEAAF4 /* FirebaseAuth */,
				B13E6F022CD30A0100FEAAF4 /* FirebaseAuthCombine-Community */,
				B13E6F042CD30A0100FEAAF4 /* FirebaseCore */,
				B13E6F062CD30A0100FEAAF4 /* FirebaseDatabase */,
				B13E6F082CD30A0100FEAAF4 /* FirebaseDynamicLinks */,
				B13E6F0A2CD30A0100FEAAF4 /* FirebaseFirestore */,
				B13E6F0C2CD30A0100FEAAF4 /* FirebaseFirestoreCombine-Community */,
				B13E6F0E2CD30A0100FEAAF4 /* FirebaseFunctions */,
				B13E6F102CD30A0100FEAAF4 /* FirebaseFunctionsCombine-Community */,
				B13E6F122CD30A0100FEAAF4 /* FirebaseInAppMessaging-Beta */,
				B13E6F142CD30A0100FEAAF4 /* FirebaseMessaging */,
				B13E6F162CD30A0100FEAAF4 /* FirebaseStorage */,
				B13E6F182CD30A0100FEAAF4 /* FirebaseStorageCombine-Community */,
			);
			productName = TrackStocks;
			productReference = B13E6EED2CD2F6D100FEAAF4 /* TrackStocks.app */;
			productType = "com.apple.product-type.application";
		};
/* End PBXNativeTarget section */

/* Begin PBXProject section */
		B13E6EE52CD2F6D100FEAAF4 /* Project object */ = {
			isa = PBXProject;
			attributes = {
				BuildIndependentTargetsInParallel = 1;
				LastSwiftUpdateCheck = 1600;
				LastUpgradeCheck = 1600;
				TargetAttributes = {
					B13E6EEC2CD2F6D100FEAAF4 = {
						CreatedOnToolsVersion = 16.0;
					};
				};
			};
			buildConfigurationList = B13E6EE82CD2F6D100FEAAF4 /* Build configuration list for PBXProject "TrackStocks" */;
			developmentRegion = en;
			hasScannedForEncodings = 0;
			knownRegions = (
				en,
				Base,
			);
			mainGroup = B13E6EE42CD2F6D100FEAAF4;
			minimizedProjectReferenceProxies = 1;
			packageReferences = (
				B13E6EFF2CD30A0100FEAAF4 /* XCRemoteSwiftPackageReference "firebase-ios-sdk" */,
			);
			preferredProjectObjectVersion = 77;
			productRefGroup = B13E6EEE2CD2F6D100FEAAF4 /* Products */;
			projectDirPath = "";
			projectRoot = "";
			targets = (
				B13E6EEC2CD2F6D100FEAAF4 /* TrackStocks */,
			);
		};
/* End PBXProject section */

/* Begin PBXResourcesBuildPhase section */
		B13E6EEB2CD2F6D100FEAAF4 /* Resources */ = {
			isa = PBXResourcesBuildPhase;
			buildActionMask = 2147483647;
			files = (
			);
			runOnlyForDeploymentPostprocessing = 0;
		};
/* End PBXResourcesBuildPhase section */

/* Begin PBXSourcesBuildPhase section */
		B13E6EE92CD2F6D100FEAAF4 /* Sources */ = {
			isa = PBXSourcesBuildPhase;
			buildActionMask = 2147483647;
			files = (
			);
			runOnlyForDeploymentPostprocessing = 0;
		};
/* End PBXSourcesBuildPhase section */

/* Begin XCBuildConfiguration section */
		B13E6EFA2CD2F6D200FEAAF4 /* Debug */ = {
			isa = XCBuildConfiguration;
			buildSettings = {
				ALWAYS_SEARCH_USER_PATHS = NO;
				ASSETCATALOG_COMPILER_GENERATE_SWIFT_ASSET_SYMBOL_EXTENSIONS = YES;
				CLANG_ANALYZER_NONNULL = YES;
				CLANG_ANALYZER_NUMBER_OBJECT_CONVERSION = YES_AGGRESSIVE;
				CLANG_CXX_LANGUAGE_STANDARD = "gnu++20";
				CLANG_ENABLE_MODULES = YES;
				CLANG_ENABLE_OBJC_ARC = YES;
				CLANG_ENABLE_OBJC_WEAK = YES;
				CLANG_WARN_BLOCK_CAPTURE_AUTORELEASING = YES;
				CLANG_WARN_BOOL_CONVERSION = YES;
				CLANG_WARN_COMMA = YES;
				CLANG_WARN_CONSTANT_CONVERSION = YES;
				CLANG_WARN_DEPRECATED_OBJC_IMPLEMENTATIONS = YES;
				CLANG_WARN_DIRECT_OBJC_ISA_USAGE = YES_ERROR;
				CLANG_WARN_DOCUMENTATION_COMMENTS = YES;
				CLANG_WARN_EMPTY_BODY = YES;
				CLANG_WARN_ENUM_CONVERSION = YES;
				CLANG_WARN_INFINITE_RECURSION = YES;
				CLANG_WARN_INT_CONVERSION = YES;
				CLANG_WARN_NON_LITERAL_NULL_CONVERSION = YES;
				CLANG_WARN_OBJC_IMPLICIT_RETAIN_SELF = YES;
				CLANG_WARN_OBJC_LITERAL_CONVERSION = YES;
				CLANG_WARN_OBJC_ROOT_CLASS = YES_ERROR;
				CLANG_WARN_QUOTED_INCLUDE_IN_FRAMEWORK_HEADER = YES;
				CLANG_WARN_RANGE_LOOP_ANALYSIS = YES;
				CLANG_WARN_STRICT_PROTOTYPES = YES;
				CLANG_WARN_SUSPICIOUS_MOVE = YES;
				CLANG_WARN_UNGUARDED_AVAILABILITY = YES_AGGRESSIVE;
				CLANG_WARN_UNREACHABLE_CODE = YES;
				CLANG_WARN__DUPLICATE_METHOD_MATCH = YES;
				COPY_PHASE_STRIP = NO;
				DEBUG_INFORMATION_FORMAT = dwarf;
				ENABLE_STRICT_OBJC_MSGSEND = YES;
				ENABLE_TESTABILITY = YES;
				ENABLE_USER_SCRIPT_SANDBOXING = YES;
				GCC_C_LANGUAGE_STANDARD = gnu17;
				GCC_DYNAMIC_NO_PIC = NO;
				GCC_NO_COMMON_BLOCKS = YES;
				GCC_OPTIMIZATION_LEVEL = 0;
				GCC_PREPROCESSOR_DEFINITIONS = (
					"DEBUG=1",
					"$(inherited)",
				);
				GCC_WARN_64_TO_32_BIT_CONVERSION = YES;
				GCC_WARN_ABOUT_RETURN_TYPE = YES_ERROR;
				GCC_WARN_UNDECLARED_SELECTOR = YES;
				GCC_WARN_UNINITIALIZED_AUTOS = YES_AGGRESSIVE;
				GCC_WARN_UNUSED_FUNCTION = YES;
				GCC_WARN_UNUSED_VARIABLE = YES;
				LOCALIZATION_PREFERS_STRING_CATALOGS = YES;
				MTL_ENABLE_DEBUG_INFO = INCLUDE_SOURCE;
				MTL_FAST_MATH = YES;
				ONLY_ACTIVE_ARCH = YES;
				SWIFT_ACTIVE_COMPILATION_CONDITIONS = "DEBUG $(inherited)";
				SWIFT_OPTIMIZATION_LEVEL = "-Onone";
			};
			name = Debug;
		};
		B13E6EFB2CD2F6D200FEAAF4 /* Release */ = {
			isa = XCBuildConfiguration;
			buildSettings = {
				ALWAYS_SEARCH_USER_PATHS = NO;
				ASSETCATALOG_COMPILER_GENERATE_SWIFT_ASSET_SYMBOL_EXTENSIONS = YES;
				CLANG_ANALYZER_NONNULL = YES;
				CLANG_ANALYZER_NUMBER_OBJECT_CONVERSION = YES_AGGRESSIVE;
				CLANG_CXX_LANGUAGE_STANDARD = "gnu++20";
				CLANG_ENABLE_MODULES = YES;
				CLANG_ENABLE_OBJC_ARC = YES;
				CLANG_ENABLE_OBJC_WEAK = YES;
				CLANG_WARN_BLOCK_CAPTURE_AUTORELEASING = YES;
				CLANG_WARN_BOOL_CONVERSION = YES;
				CLANG_WARN_COMMA = YES;
				CLANG_WARN_CONSTANT_CONVERSION = YES;
				CLANG_WARN_DEPRECATED_OBJC_IMPLEMENTATIONS = YES;
				CLANG_WARN_DIRECT_OBJC_ISA_USAGE = YES_ERROR;
				CLANG_WARN_DOCUMENTATION_COMMENTS = YES;
				CLANG_WARN_EMPTY_BODY = YES;
				CLANG_WARN_ENUM_CONVERSION = YES;
				CLANG_WARN_INFINITE_RECURSION = YES;
				CLANG_WARN_INT_CONVERSION = YES;
				CLANG_WARN_NON_LITERAL_NULL_CONVERSION = YES;
				CLANG_WARN_OBJC_IMPLICIT_RETAIN_SELF = YES;
				CLANG_WARN_OBJC_LITERAL_CONVERSION = YES;
				CLANG_WARN_OBJC_ROOT_CLASS = YES_ERROR;
				CLANG_WARN_QUOTED_INCLUDE_IN_FRAMEWORK_HEADER = YES;
				CLANG_WARN_RANGE_LOOP_ANALYSIS = YES;
				CLANG_WARN_STRICT_PROTOTYPES = YES;
				CLANG_WARN_SUSPICIOUS_MOVE = YES;
				CLANG_WARN_UNGUARDED_AVAILABILITY = YES_AGGRESSIVE;
				CLANG_WARN_UNREACHABLE_CODE = YES;
				CLANG_WARN__DUPLICATE_METHOD_MATCH = YES;
				COPY_PHASE_STRIP = NO;
				DEBUG_INFORMATION_FORMAT = "dwarf-with-dsym";
				ENABLE_NS_ASSERTIONS = NO;
				ENABLE_STRICT_OBJC_MSGSEND = YES;
				ENABLE_USER_SCRIPT_SANDBOXING = YES;
				GCC_C_LANGUAGE_STANDARD = gnu17;
				GCC_NO_COMMON_BLOCKS = YES;
				GCC_WARN_64_TO_32_BIT_CONVERSION = YES;
				GCC_WARN_ABOUT_RETURN_TYPE = YES_ERROR;
				GCC_WARN_UNDECLARED_SELECTOR = YES;
				GCC_WARN_UNINITIALIZED_AUTOS = YES_AGGRESSIVE;
				GCC_WARN_UNUSED_FUNCTION = YES;
				GCC_WARN_UNUSED_VARIABLE = YES;
				LOCALIZATION_PREFERS_STRING_CATALOGS = YES;
				MTL_ENABLE_DEBUG_INFO = NO;
				MTL_FAST_MATH = YES;
				SWIFT_COMPILATION_MODE = wholemodule;
			};
			name = Release;
		};
		B13E6EFD2CD2F6D200FEAAF4 /* Debug */ = {
			isa = XCBuildConfiguration;
			buildSettings = {
				ASSETCATALOG_COMPILER_APPICON_NAME = AppIcon;
				ASSETCATALOG_COMPILER_GLOBAL_ACCENT_COLOR_NAME = AccentColor;
				CODE_SIGN_ENTITLEMENTS = TrackStocks/TrackStocks.entitlements;
				CODE_SIGN_STYLE = Automatic;
				CURRENT_PROJECT_VERSION = 2;
				DEVELOPMENT_ASSET_PATHS = "\"TrackStocks/Preview Content\"";
				DEVELOPMENT_TEAM = DDDAQ32TPA;
				ENABLE_HARDENED_RUNTIME = YES;
				ENABLE_PREVIEWS = YES;
				GENERATE_INFOPLIST_FILE = YES;
				INFOPLIST_KEY_CFBundleDisplayName = "Track Stocks";
				INFOPLIST_KEY_LSApplicationCategoryType = "public.app-category.finance";
				"INFOPLIST_KEY_UIApplicationSceneManifest_Generation[sdk=iphoneos*]" = YES;
				"INFOPLIST_KEY_UIApplicationSceneManifest_Generation[sdk=iphonesimulator*]" = YES;
				"INFOPLIST_KEY_UIApplicationSupportsIndirectInputEvents[sdk=iphoneos*]" = YES;
				"INFOPLIST_KEY_UIApplicationSupportsIndirectInputEvents[sdk=iphonesimulator*]" = YES;
				"INFOPLIST_KEY_UILaunchScreen_Generation[sdk=iphoneos*]" = YES;
				"INFOPLIST_KEY_UILaunchScreen_Generation[sdk=iphonesimulator*]" = YES;
				"INFOPLIST_KEY_UIStatusBarStyle[sdk=iphoneos*]" = UIStatusBarStyleDefault;
				"INFOPLIST_KEY_UIStatusBarStyle[sdk=iphonesimulator*]" = UIStatusBarStyleDefault;
				INFOPLIST_KEY_UISupportedInterfaceOrientations_iPad = "UIInterfaceOrientationPortrait UIInterfaceOrientationPortraitUpsideDown UIInterfaceOrientationLandscapeLeft UIInterfaceOrientationLandscapeRight";
				INFOPLIST_KEY_UISupportedInterfaceOrientations_iPhone = "UIInterfaceOrientationPortrait UIInterfaceOrientationLandscapeLeft UIInterfaceOrientationLandscapeRight";
				IPHONEOS_DEPLOYMENT_TARGET = 17.6;
				LD_RUNPATH_SEARCH_PATHS = "@executable_path/Frameworks";
				"LD_RUNPATH_SEARCH_PATHS[sdk=macosx*]" = "@executable_path/../Frameworks";
				MACOSX_DEPLOYMENT_TARGET = 15.0;
				MARKETING_VERSION = 1.0;
				PRODUCT_BUNDLE_IDENTIFIER = com.breakawaydesign.TrackStocks;
				PRODUCT_NAME = "$(TARGET_NAME)";
				SDKROOT = auto;
				SUPPORTED_PLATFORMS = "iphoneos iphonesimulator macosx xros xrsimulator";
				SWIFT_EMIT_LOC_STRINGS = YES;
				SWIFT_VERSION = 5.0;
				TARGETED_DEVICE_FAMILY = "1,2,7";
				XROS_DEPLOYMENT_TARGET = 2.0;
			};
			name = Debug;
		};
		B13E6EFE2CD2F6D200FEAAF4 /* Release */ = {
			isa = XCBuildConfiguration;
			buildSettings = {
				ASSETCATALOG_COMPILER_APPICON_NAME = AppIcon;
				ASSETCATALOG_COMPILER_GLOBAL_ACCENT_COLOR_NAME = AccentColor;
				CODE_SIGN_ENTITLEMENTS = TrackStocks/TrackStocks.entitlements;
				CODE_SIGN_STYLE = Automatic;
				CURRENT_PROJECT_VERSION = 2;
				DEVELOPMENT_ASSET_PATHS = "\"TrackStocks/Preview Content\"";
				DEVELOPMENT_TEAM = DDDAQ32TPA;
				ENABLE_HARDENED_RUNTIME = YES;
				ENABLE_PREVIEWS = YES;
				GENERATE_INFOPLIST_FILE = YES;
				INFOPLIST_KEY_CFBundleDisplayName = "Track Stocks";
				INFOPLIST_KEY_LSApplicationCategoryType = "public.app-category.finance";
				"INFOPLIST_KEY_UIApplicationSceneManifest_Generation[sdk=iphoneos*]" = YES;
				"INFOPLIST_KEY_UIApplicationSceneManifest_Generation[sdk=iphonesimulator*]" = YES;
				"INFOPLIST_KEY_UIApplicationSupportsIndirectInputEvents[sdk=iphoneos*]" = YES;
				"INFOPLIST_KEY_UIApplicationSupportsIndirectInputEvents[sdk=iphonesimulator*]" = YES;
				"INFOPLIST_KEY_UILaunchScreen_Generation[sdk=iphoneos*]" = YES;
				"INFOPLIST_KEY_UILaunchScreen_Generation[sdk=iphonesimulator*]" = YES;
				"INFOPLIST_KEY_UIStatusBarStyle[sdk=iphoneos*]" = UIStatusBarStyleDefault;
				"INFOPLIST_KEY_UIStatusBarStyle[sdk=iphonesimulator*]" = UIStatusBarStyleDefault;
				INFOPLIST_KEY_UISupportedInterfaceOrientations_iPad = "UIInterfaceOrientationPortrait UIInterfaceOrientationPortraitUpsideDown UIInterfaceOrientationLandscapeLeft UIInterfaceOrientationLandscapeRight";
				INFOPLIST_KEY_UISupportedInterfaceOrientations_iPhone = "UIInterfaceOrientationPortrait UIInterfaceOrientationLandscapeLeft UIInterfaceOrientationLandscapeRight";
				IPHONEOS_DEPLOYMENT_TARGET = 17.6;
				LD_RUNPATH_SEARCH_PATHS = "@executable_path/Frameworks";
				"LD_RUNPATH_SEARCH_PATHS[sdk=macosx*]" = "@executable_path/../Frameworks";
				MACOSX_DEPLOYMENT_TARGET = 15.0;
				MARKETING_VERSION = 1.0;
				PRODUCT_BUNDLE_IDENTIFIER = com.breakawaydesign.TrackStocks;
				PRODUCT_NAME = "$(TARGET_NAME)";
				SDKROOT = auto;
				SUPPORTED_PLATFORMS = "iphoneos iphonesimulator macosx xros xrsimulator";
				SWIFT_EMIT_LOC_STRINGS = YES;
				SWIFT_VERSION = 5.0;
				TARGETED_DEVICE_FAMILY = "1,2,7";
				XROS_DEPLOYMENT_TARGET = 2.0;
			};
			name = Release;
		};
/* End XCBuildConfiguration section */

/* Begin XCConfigurationList section */
		B13E6EE82CD2F6D100FEAAF4 /* Build configuration list for PBXProject "TrackStocks" */ = {
			isa = XCConfigurationList;
			buildConfigurations = (
				B13E6EFA2CD2F6D200FEAAF4 /* Debug */,
				B13E6EFB2CD2F6D200FEAAF4 /* Release */,
			);
			defaultConfigurationIsVisible = 0;
			defaultConfigurationName = Release;
		};
		B13E6EFC2CD2F6D200FEAAF4 /* Build configuration list for PBXNativeTarget "TrackStocks" */ = {
			isa = XCConfigurationList;
			buildConfigurations = (
				B13E6EFD2CD2F6D200FEAAF4 /* Debug */,
				B13E6EFE2CD2F6D200FEAAF4 /* Release */,
			);
			defaultConfigurationIsVisible = 0;
			defaultConfigurationName = Release;
		};
/* End XCConfigurationList section */

/* Begin XCRemoteSwiftPackageReference section */
		B13E6EFF2CD30A0100FEAAF4 /* XCRemoteSwiftPackageReference "firebase-ios-sdk" */ = {
			isa = XCRemoteSwiftPackageReference;
			repositoryURL = "https://github.com/firebase/firebase-ios-sdk";
			requirement = {
				kind = upToNextMajorVersion;
				minimumVersion = 11.4.0;
			};
		};
/* End XCRemoteSwiftPackageReference section */

/* Begin XCSwiftPackageProductDependency section */
		B13E6F002CD30A0100FEAAF4 /* FirebaseAuth */ = {
			isa = XCSwiftPackageProductDependency;
			package = B13E6EFF2CD30A0100FEAAF4 /* XCRemoteSwiftPackageReference "firebase-ios-sdk" */;
			productName = FirebaseAuth;
		};
		B13E6F022CD30A0100FEAAF4 /* FirebaseAuthCombine-Community */ = {
			isa = XCSwiftPackageProductDependency;
			package = B13E6EFF2CD30A0100FEAAF4 /* XCRemoteSwiftPackageReference "firebase-ios-sdk" */;
			productName = "FirebaseAuthCombine-Community";
		};
		B13E6F042CD30A0100FEAAF4 /* FirebaseCore */ = {
			isa = XCSwiftPackageProductDependency;
			package = B13E6EFF2CD30A0100FEAAF4 /* XCRemoteSwiftPackageReference "firebase-ios-sdk" */;
			productName = FirebaseCore;
		};
		B13E6F062CD30A0100FEAAF4 /* FirebaseDatabase */ = {
			isa = XCSwiftPackageProductDependency;
			package = B13E6EFF2CD30A0100FEAAF4 /* XCRemoteSwiftPackageReference "firebase-ios-sdk" */;
			productName = FirebaseDatabase;
		};
		B13E6F082CD30A0100FEAAF4 /* FirebaseDynamicLinks */ = {
			isa = XCSwiftPackageProductDependency;
			package = B13E6EFF2CD30A0100FEAAF4 /* XCRemoteSwiftPackageReference "firebase-ios-sdk" */;
			productName = FirebaseDynamicLinks;
		};
		B13E6F0A2CD30A0100FEAAF4 /* FirebaseFirestore */ = {
			isa = XCSwiftPackageProductDependency;
			package = B13E6EFF2CD30A0100FEAAF4 /* XCRemoteSwiftPackageReference "firebase-ios-sdk" */;
			productName = FirebaseFirestore;
		};
		B13E6F0C2CD30A0100FEAAF4 /* FirebaseFirestoreCombine-Community */ = {
			isa = XCSwiftPackageProductDependency;
			package = B13E6EFF2CD30A0100FEAAF4 /* XCRemoteSwiftPackageReference "firebase-ios-sdk" */;
			productName = "FirebaseFirestoreCombine-Community";
		};
		B13E6F0E2CD30A0100FEAAF4 /* FirebaseFunctions */ = {
			isa = XCSwiftPackageProductDependency;
			package = B13E6EFF2CD30A0100FEAAF4 /* XCRemoteSwiftPackageReference "firebase-ios-sdk" */;
			productName = FirebaseFunctions;
		};
		B13E6F102CD30A0100FEAAF4 /* FirebaseFunctionsCombine-Community */ = {
			isa = XCSwiftPackageProductDependency;
			package = B13E6EFF2CD30A0100FEAAF4 /* XCRemoteSwiftPackageReference "firebase-ios-sdk" */;
			productName = "FirebaseFunctionsCombine-Community";
		};
		B13E6F122CD30A0100FEAAF4 /* FirebaseInAppMessaging-Beta */ = {
			isa = XCSwiftPackageProductDependency;
			package = B13E6EFF2CD30A0100FEAAF4 /* XCRemoteSwiftPackageReference "firebase-ios-sdk" */;
			productName = "FirebaseInAppMessaging-Beta";
		};
		B13E6F142CD30A0100FEAAF4 /* FirebaseMessaging */ = {
			isa = XCSwiftPackageProductDependency;
			package = B13E6EFF2CD30A0100FEAAF4 /* XCRemoteSwiftPackageReference "firebase-ios-sdk" */;
			productName = FirebaseMessaging;
		};
		B13E6F162CD30A0100FEAAF4 /* FirebaseStorage */ = {
			isa = XCSwiftPackageProductDependency;
			package = B13E6EFF2CD30A0100FEAAF4 /* XCRemoteSwiftPackageReference "firebase-ios-sdk" */;
			productName = FirebaseStorage;
		};
		B13E6F182CD30A0100FEAAF4 /* FirebaseStorageCombine-Community */ = {
			isa = XCSwiftPackageProductDependency;
			package = B13E6EFF2CD30A0100FEAAF4 /* XCRemoteSwiftPackageReference "firebase-ios-sdk" */;
			productName = "FirebaseStorageCombine-Community";
		};
/* End XCSwiftPackageProductDependency section */
	};
	rootObject = B13E6EE52CD2F6D100FEAAF4 /* Project object */;
}
