// !$*UTF8*$!
{
	archiveVersion = 1;
	classes = {
	};
	objectVersion = 77;
	objects = {

/* Begin PBXBuildFile section */
		B13E6F012CD30A0100FEAAF4 /* FirebaseAuth in Frameworks */ = {isa = PBXBuildFile; productRef = B13E6F002CD30A0100FEAAF4 /* FirebaseAuth */; };
		B13E6F032CD30A0100FEAAF4 /* FirebaseAuthCombine-Community in Frameworks */ = {isa = PBXBuildFile; productRef = B13E6F022CD30A0100FEAAF4 /* FirebaseAuthCombine-Community */; };
		B13E6F052CD30A0100FEAAF4 /* FirebaseCore in Frameworks */ = {isa = PBXBuildFile; productRef = B13E6F042CD30A0100FEAAF4 /* FirebaseCore */; };
		B13E6F072CD30A0100FEAAF4 /* FirebaseDatabase in Frameworks */ = {isa = PBXBuildFile; productRef = B13E6F062CD30A0100FEAAF4 /* FirebaseDatabase */; };
		B13E6F092CD30A0100FEAAF4 /* FirebaseDynamicLinks in Frameworks */ = {isa = PBXBuildFile; productRef = B13E6F082CD30A0100FEAAF4 /* FirebaseDynamicLinks */; };
		B13E6F0B2CD30A0100FEAAF4 /* FirebaseFirestore in Frameworks */ = {isa = PBXBuildFile; productRef = B13E6F0A2CD30A0100FEAAF4 /* FirebaseFirestore */; };
		B13E6F0D2CD30A0100FEAAF4 /* FirebaseFirestoreCombine-Community in Frameworks */ = {isa = PBXBuildFile; productRef = B13E6F0C2CD30A0100FEAAF4 /* FirebaseFirestoreCombine-Community */; };
		B13E6F0F2CD30A0100FEAAF4 /* FirebaseFunctions in Frameworks */ = {isa = PBXBuildFile; productRef = B13E6F0E2CD30A0100FEAAF4 /* FirebaseFunctions */; };
		B13E6F112CD30A0100FEAAF4 /* FirebaseFunctionsCombine-Community in Frameworks */ = {isa = PBXBuildFile; productRef = B13E6F102CD30A0100FEAAF4 /* FirebaseFunctionsCombine-Community */; };
		B13E6F132CD30A0100FEAAF4 /* FirebaseInAppMessaging-Beta in Frameworks */ = {isa = PBXBuildFile; productRef = B13E6F122CD30A0100FEAAF4 /* FirebaseInAppMessaging-Beta */; };
		B13E6F152CD30A0100FEAAF4 /* FirebaseMessaging in Frameworks */ = {isa = PBXBuildFile; productRef = B13E6F142CD30A0100FEAAF4 /* FirebaseMessaging */; };
		B13E6F172CD30A0100FEAAF4 /* FirebaseStorage in Frameworks */ = {isa = PBXBuildFile; productRef = B13E6F162CD30A0100FEAAF4 /* FirebaseStorage */; };
		B13E6F192CD30A0100FEAAF4 /* FirebaseStorageCombine-Community in Frameworks */ = {isa = PBXBuildFile; productRef = B13E6F182CD30A0100FEAAF4 /* FirebaseStorageCombine-Community */; };
		B1C840182D2B6CE200D08C36 /* WidgetKit.framework in Frameworks */ = {isa = PBXBuildFile; fileRef = B1C840172D2B6CE200D08C36 /* WidgetKit.framework */; };
		B1C8401A2D2B6CE200D08C36 /* SwiftUI.framework in Frameworks */ = {isa = PBXBuildFile; fileRef = B1C840192D2B6CE200D08C36 /* SwiftUI.framework */; };
		B1C8402B2D2B6CE300D08C36 /* StocksNotificationWidgetExtension.appex in Embed Foundation Extensions */ = {isa = PBXBuildFile; fileRef = B1C840152D2B6CE200D08C36 /* StocksNotificationWidgetExtension.appex */; settings = {ATTRIBUTES = (RemoveHeadersOnCopy, ); }; };
		B1C840382D2C52C300D08C36 /* FirebaseAuth in Frameworks */ = {isa = PBXBuildFile; productRef = B1C840372D2C52C300D08C36 /* FirebaseAuth */; };
		B1C8403A2D2C52CB00D08C36 /* FirebaseFirestore in Frameworks */ = {isa = PBXBuildFile; productRef = B1C840392D2C52CB00D08C36 /* FirebaseFirestore */; };
		B1C8403C2D2C52D900D08C36 /* FirebaseFunctions in Frameworks */ = {isa = PBXBuildFile; productRef = B1C8403B2D2C52D900D08C36 /* FirebaseFunctions */; };
		B1C8403E2D2C52E100D08C36 /* FirebaseMessaging in Frameworks */ = {isa = PBXBuildFile; productRef = B1C8403D2D2C52E100D08C36 /* FirebaseMessaging */; };
		B1C840402D2C52E700D08C36 /* FirebaseStorage in Frameworks */ = {isa = PBXBuildFile; productRef = B1C8403F2D2C52E700D08C36 /* FirebaseStorage */; };
		B1C840472D2C555400D08C36 /* FirebaseCore in Frameworks */ = {isa = PBXBuildFile; productRef = B1C840462D2C555400D08C36 /* FirebaseCore */; };
/* End PBXBuildFile section */

/* Begin PBXContainerItemProxy section */
		B1C840292D2B6CE300D08C36 /* PBXContainerItemProxy */ = {
			isa = PBXContainerItemProxy;
			containerPortal = B13E6EE52CD2F6D100FEAAF4 /* Project object */;
			proxyType = 1;
			remoteGlobalIDString = B1C840142D2B6CE200D08C36;
			remoteInfo = StocksNotificationWidgetExtension;
		};
/* End PBXContainerItemProxy section */

/* Begin PBXCopyFilesBuildPhase section */
		B1C840302D2B6CE300D08C36 /* Embed Foundation Extensions */ = {
			isa = PBXCopyFilesBuildPhase;
			buildActionMask = 2147483647;
			dstPath = "";
			dstSubfolderSpec = 13;
			files = (
				B1C8402B2D2B6CE300D08C36 /* StocksNotificationWidgetExtension.appex in Embed Foundation Extensions */,
			);
			name = "Embed Foundation Extensions";
			runOnlyForDeploymentPostprocessing = 0;
		};
/* End PBXCopyFilesBuildPhase section */

/* Begin PBXFileReference section */
		B13E6EED2CD2F6D100FEAAF4 /* TrackStocks.app */ = {isa = PBXFileReference; explicitFileType = wrapper.application; includeInIndex = 0; path = TrackStocks.app; sourceTree = BUILT_PRODUCTS_DIR; };
		B1C840152D2B6CE200D08C36 /* StocksNotificationWidgetExtension.appex */ = {isa = PBXFileReference; explicitFileType = "wrapper.app-extension"; includeInIndex = 0; path = StocksNotificationWidgetExtension.appex; sourceTree = BUILT_PRODUCTS_DIR; };
		B1C840172D2B6CE200D08C36 /* WidgetKit.framework */ = {isa = PBXFileReference; lastKnownFileType = wrapper.framework; name = WidgetKit.framework; path = System/Library/Frameworks/WidgetKit.framework; sourceTree = SDKROOT; };
		B1C840192D2B6CE200D08C36 /* SwiftUI.framework */ = {isa = PBXFileReference; lastKnownFileType = wrapper.framework; name = SwiftUI.framework; path = System/Library/Frameworks/SwiftUI.framework; sourceTree = SDKROOT; };
		B1C840492D2C701D00D08C36 /* StocksNotificationWidgetExtension.entitlements */ = {isa = PBXFileReference; lastKnownFileType = text.plist.entitlements; path = StocksNotificationWidgetExtension.entitlements; sourceTree = "<group>"; };
/* End PBXFileReference section */

/* Begin PBXFileSystemSynchronizedBuildFileExceptionSet section */
		B13465862D0FBCAC009F6625 /* Exceptions for "TrackStocks" folder in "TrackStocks" target */ = {
			isa = PBXFileSystemSynchronizedBuildFileExceptionSet;
			membershipExceptions = (
				Info.plist,
			);
			target = B13E6EEC2CD2F6D100FEAAF4 /* TrackStocks */;
		};
		B1C8402F2D2B6CE300D08C36 /* Exceptions for "StocksNotificationWidget" folder in "StocksNotificationWidgetExtension" target */ = {
			isa = PBXFileSystemSynchronizedBuildFileExceptionSet;
			membershipExceptions = (
				Info.plist,
			);
			target = B1C840142D2B6CE200D08C36 /* StocksNotificationWidgetExtension */;
		};
		B1C840322D2C4FF900D08C36 /* Exceptions for "TrackStocks" folder in "StocksNotificationWidgetExtension" target */ = {
			isa = PBXFileSystemSynchronizedBuildFileExceptionSet;
			membershipExceptions = (
				Extensions.swift,
				"GoogleService-Info.plist",
				Services/ActivityStatus.swift,
				Services/Authentication.swift,
				Services/DebugService.swift,
				Services/FirebaseService.swift,
				Services/SettingService.swift,
				Services/StockDataService.swift,
				StockActivityAttributes.swift,
				StockTrackingAttributes.swift,
			);
			target = B1C840142D2B6CE200D08C36 /* StocksNotificationWidgetExtension */;
		};
/* End PBXFileSystemSynchronizedBuildFileExceptionSet section */

/* Begin PBXFileSystemSynchronizedRootGroup section */
		B13E6EEF2CD2F6D100FEAAF4 /* TrackStocks */ = {
			isa = PBXFileSystemSynchronizedRootGroup;
			exceptions = (
				B13465862D0FBCAC009F6625 /* Exceptions for "TrackStocks" folder in "TrackStocks" target */,
				B1C840322D2C4FF900D08C36 /* Exceptions for "TrackStocks" folder in "StocksNotificationWidgetExtension" target */,
			);
			path = TrackStocks;
			sourceTree = "<group>";
		};
		B1C8401B2D2B6CE200D08C36 /* StocksNotificationWidget */ = {
			isa = PBXFileSystemSynchronizedRootGroup;
			exceptions = (
				B1C8402F2D2B6CE300D08C36 /* Exceptions for "StocksNotificationWidget" folder in "StocksNotificationWidgetExtension" target */,
			);
			path = StocksNotificationWidget;
			sourceTree = "<group>";
		};
/* End PBXFileSystemSynchronizedRootGroup section */

/* Begin PBXFrameworksBuildPhase section */
		B13E6EEA2CD2F6D100FEAAF4 /* Frameworks */ = {
			isa = PBXFrameworksBuildPhase;
			buildActionMask = 2147483647;
			files = (
				B13E6F012CD30A0100FEAAF4 /* FirebaseAuth in Frameworks */,
				B13E6F052CD30A0100FEAAF4 /* FirebaseCore in Frameworks */,
				B13E6F112CD30A0100FEAAF4 /* FirebaseFunctionsCombine-Community in Frameworks */,
				B13E6F192CD30A0100FEAAF4 /* FirebaseStorageCombine-Community in Frameworks */,
				B13E6F072CD30A0100FEAAF4 /* FirebaseDatabase in Frameworks */,
				B13E6F0F2CD30A0100FEAAF4 /* FirebaseFunctions in Frameworks */,
				B13E6F172CD30A0100FEAAF4 /* FirebaseStorage in Frameworks */,
				B13E6F032CD30A0100FEAAF4 /* FirebaseAuthCombine-Community in Frameworks */,
				B13E6F092CD30A0100FEAAF4 /* FirebaseDynamicLinks in Frameworks */,
				B13E6F0B2CD30A0100FEAAF4 /* FirebaseFirestore in Frameworks */,
				B13E6F0D2CD30A0100FEAAF4 /* FirebaseFirestoreCombine-Community in Frameworks */,
				B13E6F152CD30A0100FEAAF4 /* FirebaseMessaging in Frameworks */,
				B13E6F132CD30A0100FEAAF4 /* FirebaseInAppMessaging-Beta in Frameworks */,
			);
			runOnlyForDeploymentPostprocessing = 0;
		};
		B1C840122D2B6CE200D08C36 /* Frameworks */ = {
			isa = PBXFrameworksBuildPhase;
			buildActionMask = 2147483647;
			files = (
				B1C8403E2D2C52E100D08C36 /* FirebaseMessaging in Frameworks */,
				B1C8401A2D2B6CE200D08C36 /* SwiftUI.framework in Frameworks */,
				B1C8403A2D2C52CB00D08C36 /* FirebaseFirestore in Frameworks */,
				B1C8403C2D2C52D900D08C36 /* FirebaseFunctions in Frameworks */,
				B1C840402D2C52E700D08C36 /* FirebaseStorage in Frameworks */,
				B1C840382D2C52C300D08C36 /* FirebaseAuth in Frameworks */,
				B1C840472D2C555400D08C36 /* FirebaseCore in Frameworks */,
				B1C840182D2B6CE200D08C36 /* WidgetKit.framework in Frameworks */,
			);
			runOnlyForDeploymentPostprocessing = 0;
		};
/* End PBXFrameworksBuildPhase section */

/* Begin PBXGroup section */
		B13E6EE42CD2F6D100FEAAF4 = {
			isa = PBXGroup;
			children = (
				B1C840492D2C701D00D08C36 /* StocksNotificationWidgetExtension.entitlements */,
				B13E6EEF2CD2F6D100FEAAF4 /* TrackStocks */,
				B1C8401B2D2B6CE200D08C36 /* StocksNotificationWidget */,
				B1C840162D2B6CE200D08C36 /* Frameworks */,
				B13E6EEE2CD2F6D100FEAAF4 /* Products */,
			);
			sourceTree = "<group>";
		};
		B13E6EEE2CD2F6D100FEAAF4 /* Products */ = {
			isa = PBXGroup;
			children = (
				B13E6EED2CD2F6D100FEAAF4 /* TrackStocks.app */,
				B1C840152D2B6CE200D08C36 /* StocksNotificationWidgetExtension.appex */,
			);
			name = Products;
			sourceTree = "<group>";
		};
		B1C840162D2B6CE200D08C36 /* Frameworks */ = {
			isa = PBXGroup;
			children = (
				B1C840172D2B6CE200D08C36 /* WidgetKit.framework */,
				B1C840192D2B6CE200D08C36 /* SwiftUI.framework */,
			);
			name = Frameworks;
			sourceTree = "<group>";
		};
/* End PBXGroup section */

/* Begin PBXNativeTarget section */
		B13E6EEC2CD2F6D100FEAAF4 /* TrackStocks */ = {
			isa = PBXNativeTarget;
			buildConfigurationList = B13E6EFC2CD2F6D200FEAAF4 /* Build configuration list for PBXNativeTarget "TrackStocks" */;
			buildPhases = (
				B13E6EE92CD2F6D100FEAAF4 /* Sources */,
				B13E6EEA2CD2F6D100FEAAF4 /* Frameworks */,
				B13E6EEB2CD2F6D100FEAAF4 /* Resources */,
				B1C840302D2B6CE300D08C36 /* Embed Foundation Extensions */,
			);
			buildRules = (
			);
			dependencies = (
				B1C8402A2D2B6CE300D08C36 /* PBXTargetDependency */,
			);
			fileSystemSynchronizedGroups = (
				B13E6EEF2CD2F6D100FEAAF4 /* TrackStocks */,
			);
			name = TrackStocks;
			packageProductDependencies = (
				B13E6F002CD30A0100FEAAF4 /* FirebaseAuth */,
				B13E6F022CD30A0100FEAAF4 /* FirebaseAuthCombine-Community */,
				B13E6F042CD30A0100FEAAF4 /* FirebaseCore */,
				B13E6F062CD30A0100FEAAF4 /* FirebaseDatabase */,
				B13E6F082CD30A0100FEAAF4 /* FirebaseDynamicLinks */,
				B13E6F0A2CD30A0100FEAAF4 /* FirebaseFirestore */,
				B13E6F0C2CD30A0100FEAAF4 /* FirebaseFirestoreCombine-Community */,
				B13E6F0E2CD30A0100FEAAF4 /* FirebaseFunctions */,
				B13E6F102CD30A0100FEAAF4 /* FirebaseFunctionsCombine-Community */,
				B13E6F122CD30A0100FEAAF4 /* FirebaseInAppMessaging-Beta */,
				B13E6F142CD30A0100FEAAF4 /* FirebaseMessaging */,
				B13E6F162CD30A0100FEAAF4 /* FirebaseStorage */,
				B13E6F182CD30A0100FEAAF4 /* FirebaseStorageCombine-Community */,
			);
			productName = TrackStocks;
			productReference = B13E6EED2CD2F6D100FEAAF4 /* TrackStocks.app */;
			productType = "com.apple.product-type.application";
		};
		B1C840142D2B6CE200D08C36 /* StocksNotificationWidgetExtension */ = {
			isa = PBXNativeTarget;
			buildConfigurationList = B1C8402C2D2B6CE300D08C36 /* Build configuration list for PBXNativeTarget "StocksNotificationWidgetExtension" */;
			buildPhases = (
				B1C840112D2B6CE200D08C36 /* Sources */,
				B1C840122D2B6CE200D08C36 /* Frameworks */,
				B1C840132D2B6CE200D08C36 /* Resources */,
			);
			buildRules = (
			);
			dependencies = (
			);
			fileSystemSynchronizedGroups = (
				B1C8401B2D2B6CE200D08C36 /* StocksNotificationWidget */,
			);
			name = StocksNotificationWidgetExtension;
			packageProductDependencies = (
				B1C840372D2C52C300D08C36 /* FirebaseAuth */,
				B1C840392D2C52CB00D08C36 /* FirebaseFirestore */,
				B1C8403B2D2C52D900D08C36 /* FirebaseFunctions */,
				B1C8403D2D2C52E100D08C36 /* FirebaseMessaging */,
				B1C8403F2D2C52E700D08C36 /* FirebaseStorage */,
				B1C840462D2C555400D08C36 /* FirebaseCore */,
			);
			productName = StocksNotificationWidgetExtension;
			productReference = B1C840152D2B6CE200D08C36 /* StocksNotificationWidgetExtension.appex */;
			productType = "com.apple.product-type.app-extension";
		};
/* End PBXNativeTarget section */

/* Begin PBXProject section */
		B13E6EE52CD2F6D100FEAAF4 /* Project object */ = {
			isa = PBXProject;
			attributes = {
				BuildIndependentTargetsInParallel = 1;
				LastSwiftUpdateCheck = 1600;
				LastUpgradeCheck = 1610;
				TargetAttributes = {
					B13E6EEC2CD2F6D100FEAAF4 = {
						CreatedOnToolsVersion = 16.0;
					};
					B1C840142D2B6CE200D08C36 = {
						CreatedOnToolsVersion = 16.0;
					};
				};
			};
			buildConfigurationList = B13E6EE82CD2F6D100FEAAF4 /* Build configuration list for PBXProject "TrackStocks" */;
			developmentRegion = en;
			hasScannedForEncodings = 0;
			knownRegions = (
				en,
				Base,
			);
			mainGroup = B13E6EE42CD2F6D100FEAAF4;
			minimizedProjectReferenceProxies = 1;
			packageReferences = (
				B13E6EFF2CD30A0100FEAAF4 /* XCRemoteSwiftPackageReference "firebase-ios-sdk" */,
			);
			preferredProjectObjectVersion = 77;
			productRefGroup = B13E6EEE2CD2F6D100FEAAF4 /* Products */;
			projectDirPath = "";
			projectRoot = "";
			targets = (
				B13E6EEC2CD2F6D100FEAAF4 /* TrackStocks */,
				B1C840142D2B6CE200D08C36 /* StocksNotificationWidgetExtension */,
			);
		};
/* End PBXProject section */

/* Begin PBXResourcesBuildPhase section */
		B13E6EEB2CD2F6D100FEAAF4 /* Resources */ = {
			isa = PBXResourcesBuildPhase;
			buildActionMask = 2147483647;
			files = (
			);
			runOnlyForDeploymentPostprocessing = 0;
		};
		B1C840132D2B6CE200D08C36 /* Resources */ = {
			isa = PBXResourcesBuildPhase;
			buildActionMask = 2147483647;
			files = (
			);
			runOnlyForDeploymentPostprocessing = 0;
		};
/* End PBXResourcesBuildPhase section */

/* Begin PBXSourcesBuildPhase section */
		B13E6EE92CD2F6D100FEAAF4 /* Sources */ = {
			isa = PBXSourcesBuildPhase;
			buildActionMask = 2147483647;
			files = (
			);
			runOnlyForDeploymentPostprocessing = 0;
		};
		B1C840112D2B6CE200D08C36 /* Sources */ = {
			isa = PBXSourcesBuildPhase;
			buildActionMask = 2147483647;
			files = (
			);
			runOnlyForDeploymentPostprocessing = 0;
		};
/* End PBXSourcesBuildPhase section */

/* Begin PBXTargetDependency section */
		B1C8402A2D2B6CE300D08C36 /* PBXTargetDependency */ = {
			isa = PBXTargetDependency;
			target = B1C840142D2B6CE200D08C36 /* StocksNotificationWidgetExtension */;
			targetProxy = B1C840292D2B6CE300D08C36 /* PBXContainerItemProxy */;
		};
/* End PBXTargetDependency section */

/* Begin XCBuildConfiguration section */
		B13E6EFA2CD2F6D200FEAAF4 /* Debug */ = {
			isa = XCBuildConfiguration;
			buildSettings = {
				ALWAYS_SEARCH_USER_PATHS = NO;
				ASSETCATALOG_COMPILER_GENERATE_SWIFT_ASSET_SYMBOL_EXTENSIONS = YES;
				CLANG_ANALYZER_NONNULL = YES;
				CLANG_ANALYZER_NUMBER_OBJECT_CONVERSION = YES_AGGRESSIVE;
				CLANG_CXX_LANGUAGE_STANDARD = "gnu++20";
				CLANG_ENABLE_MODULES = YES;
				CLANG_ENABLE_OBJC_ARC = YES;
				CLANG_ENABLE_OBJC_WEAK = YES;
				CLANG_WARN_BLOCK_CAPTURE_AUTORELEASING = YES;
				CLANG_WARN_BOOL_CONVERSION = YES;
				CLANG_WARN_COMMA = YES;
				CLANG_WARN_CONSTANT_CONVERSION = YES;
				CLANG_WARN_DEPRECATED_OBJC_IMPLEMENTATIONS = YES;
				CLANG_WARN_DIRECT_OBJC_ISA_USAGE = YES_ERROR;
				CLANG_WARN_DOCUMENTATION_COMMENTS = YES;
				CLANG_WARN_EMPTY_BODY = YES;
				CLANG_WARN_ENUM_CONVERSION = YES;
				CLANG_WARN_INFINITE_RECURSION = YES;
				CLANG_WARN_INT_CONVERSION = YES;
				CLANG_WARN_NON_LITERAL_NULL_CONVERSION = YES;
				CLANG_WARN_OBJC_IMPLICIT_RETAIN_SELF = YES;
				CLANG_WARN_OBJC_LITERAL_CONVERSION = YES;
				CLANG_WARN_OBJC_ROOT_CLASS = YES_ERROR;
				CLANG_WARN_QUOTED_INCLUDE_IN_FRAMEWORK_HEADER = YES;
				CLANG_WARN_RANGE_LOOP_ANALYSIS = YES;
				CLANG_WARN_STRICT_PROTOTYPES = YES;
				CLANG_WARN_SUSPICIOUS_MOVE = YES;
				CLANG_WARN_UNGUARDED_AVAILABILITY = YES_AGGRESSIVE;
				CLANG_WARN_UNREACHABLE_CODE = YES;
				CLANG_WARN__DUPLICATE_METHOD_MATCH = YES;
				COPY_PHASE_STRIP = NO;
				DEAD_CODE_STRIPPING = YES;
				DEBUG_INFORMATION_FORMAT = dwarf;
				ENABLE_STRICT_OBJC_MSGSEND = YES;
				ENABLE_TESTABILITY = YES;
				ENABLE_USER_SCRIPT_SANDBOXING = YES;
				GCC_C_LANGUAGE_STANDARD = gnu17;
				GCC_DYNAMIC_NO_PIC = NO;
				GCC_NO_COMMON_BLOCKS = YES;
				GCC_OPTIMIZATION_LEVEL = 0;
				GCC_PREPROCESSOR_DEFINITIONS = (
					"DEBUG=1",
					"$(inherited)",
				);
				GCC_WARN_64_TO_32_BIT_CONVERSION = YES;
				GCC_WARN_ABOUT_RETURN_TYPE = YES_ERROR;
				GCC_WARN_UNDECLARED_SELECTOR = YES;
				GCC_WARN_UNINITIALIZED_AUTOS = YES_AGGRESSIVE;
				GCC_WARN_UNUSED_FUNCTION = YES;
				GCC_WARN_UNUSED_VARIABLE = YES;
				LOCALIZATION_PREFERS_STRING_CATALOGS = YES;
				MTL_ENABLE_DEBUG_INFO = INCLUDE_SOURCE;
				MTL_FAST_MATH = YES;
				ONLY_ACTIVE_ARCH = YES;
				SWIFT_ACTIVE_COMPILATION_CONDITIONS = "DEBUG $(inherited)";
				SWIFT_OPTIMIZATION_LEVEL = "-Onone";
			};
			name = Debug;
		};
		B13E6EFB2CD2F6D200FEAAF4 /* Release */ = {
			isa = XCBuildConfiguration;
			buildSettings = {
				ALWAYS_SEARCH_USER_PATHS = NO;
				ASSETCATALOG_COMPILER_GENERATE_SWIFT_ASSET_SYMBOL_EXTENSIONS = YES;
				CLANG_ANALYZER_NONNULL = YES;
				CLANG_ANALYZER_NUMBER_OBJECT_CONVERSION = YES_AGGRESSIVE;
				CLANG_CXX_LANGUAGE_STANDARD = "gnu++20";
				CLANG_ENABLE_MODULES = YES;
				CLANG_ENABLE_OBJC_ARC = YES;
				CLANG_ENABLE_OBJC_WEAK = YES;
				CLANG_WARN_BLOCK_CAPTURE_AUTORELEASING = YES;
				CLANG_WARN_BOOL_CONVERSION = YES;
				CLANG_WARN_COMMA = YES;
				CLANG_WARN_CONSTANT_CONVERSION = YES;
				CLANG_WARN_DEPRECATED_OBJC_IMPLEMENTATIONS = YES;
				CLANG_WARN_DIRECT_OBJC_ISA_USAGE = YES_ERROR;
				CLANG_WARN_DOCUMENTATION_COMMENTS = YES;
				CLANG_WARN_EMPTY_BODY = YES;
				CLANG_WARN_ENUM_CONVERSION = YES;
				CLANG_WARN_INFINITE_RECURSION = YES;
				CLANG_WARN_INT_CONVERSION = YES;
				CLANG_WARN_NON_LITERAL_NULL_CONVERSION = YES;
				CLANG_WARN_OBJC_IMPLICIT_RETAIN_SELF = YES;
				CLANG_WARN_OBJC_LITERAL_CONVERSION = YES;
				CLANG_WARN_OBJC_ROOT_CLASS = YES_ERROR;
				CLANG_WARN_QUOTED_INCLUDE_IN_FRAMEWORK_HEADER = YES;
				CLANG_WARN_RANGE_LOOP_ANALYSIS = YES;
				CLANG_WARN_STRICT_PROTOTYPES = YES;
				CLANG_WARN_SUSPICIOUS_MOVE = YES;
				CLANG_WARN_UNGUARDED_AVAILABILITY = YES_AGGRESSIVE;
				CLANG_WARN_UNREACHABLE_CODE = YES;
				CLANG_WARN__DUPLICATE_METHOD_MATCH = YES;
				COPY_PHASE_STRIP = NO;
				DEAD_CODE_STRIPPING = YES;
				DEBUG_INFORMATION_FORMAT = "dwarf-with-dsym";
				ENABLE_NS_ASSERTIONS = NO;
				ENABLE_STRICT_OBJC_MSGSEND = YES;
				ENABLE_USER_SCRIPT_SANDBOXING = YES;
				GCC_C_LANGUAGE_STANDARD = gnu17;
				GCC_NO_COMMON_BLOCKS = YES;
				GCC_WARN_64_TO_32_BIT_CONVERSION = YES;
				GCC_WARN_ABOUT_RETURN_TYPE = YES_ERROR;
				GCC_WARN_UNDECLARED_SELECTOR = YES;
				GCC_WARN_UNINITIALIZED_AUTOS = YES_AGGRESSIVE;
				GCC_WARN_UNUSED_FUNCTION = YES;
				GCC_WARN_UNUSED_VARIABLE = YES;
				LOCALIZATION_PREFERS_STRING_CATALOGS = YES;
				MTL_ENABLE_DEBUG_INFO = NO;
				MTL_FAST_MATH = YES;
				SWIFT_COMPILATION_MODE = wholemodule;
			};
			name = Release;
		};
		B13E6EFD2CD2F6D200FEAAF4 /* Debug */ = {
			isa = XCBuildConfiguration;
			buildSettings = {
				ASSETCATALOG_COMPILER_APPICON_NAME = AppIcon;
				ASSETCATALOG_COMPILER_GLOBAL_ACCENT_COLOR_NAME = AccentColor;
				CODE_SIGN_ENTITLEMENTS = TrackStocks/TrackStocks.entitlements;
				CODE_SIGN_STYLE = Automatic;
				CURRENT_PROJECT_VERSION = 38;
				DEAD_CODE_STRIPPING = YES;
				DEVELOPMENT_ASSET_PATHS = "\"TrackStocks/Preview Content\"";
				DEVELOPMENT_TEAM = DDDAQ32TPA;
				ENABLE_HARDENED_RUNTIME = YES;
				ENABLE_PREVIEWS = YES;
				GENERATE_INFOPLIST_FILE = YES;
				INFOPLIST_FILE = TrackStocks/Info.plist;
				INFOPLIST_KEY_CFBundleDisplayName = "Track Stocks";
				INFOPLIST_KEY_LSApplicationCategoryType = "public.app-category.finance";
				INFOPLIST_KEY_NSSupportsLiveActivities = YES;
				"INFOPLIST_KEY_UIApplicationSceneManifest_Generation[sdk=iphoneos*]" = YES;
				"INFOPLIST_KEY_UIApplicationSceneManifest_Generation[sdk=iphonesimulator*]" = YES;
				"INFOPLIST_KEY_UIApplicationSupportsIndirectInputEvents[sdk=iphoneos*]" = YES;
				"INFOPLIST_KEY_UIApplicationSupportsIndirectInputEvents[sdk=iphonesimulator*]" = YES;
				"INFOPLIST_KEY_UILaunchScreen_Generation[sdk=iphoneos*]" = YES;
				"INFOPLIST_KEY_UILaunchScreen_Generation[sdk=iphonesimulator*]" = YES;
				"INFOPLIST_KEY_UIStatusBarStyle[sdk=iphoneos*]" = UIStatusBarStyleDefault;
				"INFOPLIST_KEY_UIStatusBarStyle[sdk=iphonesimulator*]" = UIStatusBarStyleDefault;
				INFOPLIST_KEY_UISupportedInterfaceOrientations_iPad = "UIInterfaceOrientationPortrait UIInterfaceOrientationPortraitUpsideDown UIInterfaceOrientationLandscapeLeft UIInterfaceOrientationLandscapeRight";
				INFOPLIST_KEY_UISupportedInterfaceOrientations_iPhone = "UIInterfaceOrientationPortrait UIInterfaceOrientationLandscapeLeft UIInterfaceOrientationLandscapeRight";
				IPHONEOS_DEPLOYMENT_TARGET = 17.6;
				LD_RUNPATH_SEARCH_PATHS = "@executable_path/Frameworks";
				"LD_RUNPATH_SEARCH_PATHS[sdk=macosx*]" = "@executable_path/../Frameworks";
				MACOSX_DEPLOYMENT_TARGET = 15.0;
				MARKETING_VERSION = 1.0;
				PRODUCT_BUNDLE_IDENTIFIER = com.breakawaydesign.TrackStocks;
				PRODUCT_NAME = "$(TARGET_NAME)";
				REGISTER_APP_GROUPS = NO;
				SDKROOT = auto;
				SUPPORTED_PLATFORMS = "iphoneos iphonesimulator";
				SUPPORTS_MACCATALYST = NO;
				SUPPORTS_MAC_DESIGNED_FOR_IPHONE_IPAD = YES;
				SWIFT_EMIT_LOC_STRINGS = YES;
				SWIFT_VERSION = 5.0;
				TARGETED_DEVICE_FAMILY = "1,2";
				XROS_DEPLOYMENT_TARGET = 2.0;
			};
			name = Debug;
		};
		B13E6EFE2CD2F6D200FEAAF4 /* Release */ = {
			isa = XCBuildConfiguration;
			buildSettings = {
				ASSETCATALOG_COMPILER_APPICON_NAME = AppIcon;
				ASSETCATALOG_COMPILER_GLOBAL_ACCENT_COLOR_NAME = AccentColor;
				CODE_SIGN_ENTITLEMENTS = TrackStocks/TrackStocks.entitlements;
				CODE_SIGN_STYLE = Automatic;
				CURRENT_PROJECT_VERSION = 38;
				DEAD_CODE_STRIPPING = YES;
				DEVELOPMENT_ASSET_PATHS = "\"TrackStocks/Preview Content\"";
				DEVELOPMENT_TEAM = DDDAQ32TPA;
				ENABLE_HARDENED_RUNTIME = YES;
				ENABLE_PREVIEWS = YES;
				GENERATE_INFOPLIST_FILE = YES;
				INFOPLIST_FILE = TrackStocks/Info.plist;
				INFOPLIST_KEY_CFBundleDisplayName = "Track Stocks";
				INFOPLIST_KEY_LSApplicationCategoryType = "public.app-category.finance";
				INFOPLIST_KEY_NSSupportsLiveActivities = YES;
				"INFOPLIST_KEY_UIApplicationSceneManifest_Generation[sdk=iphoneos*]" = YES;
				"INFOPLIST_KEY_UIApplicationSceneManifest_Generation[sdk=iphonesimulator*]" = YES;
				"INFOPLIST_KEY_UIApplicationSupportsIndirectInputEvents[sdk=iphoneos*]" = YES;
				"INFOPLIST_KEY_UIApplicationSupportsIndirectInputEvents[sdk=iphonesimulator*]" = YES;
				"INFOPLIST_KEY_UILaunchScreen_Generation[sdk=iphoneos*]" = YES;
				"INFOPLIST_KEY_UILaunchScreen_Generation[sdk=iphonesimulator*]" = YES;
				"INFOPLIST_KEY_UIStatusBarStyle[sdk=iphoneos*]" = UIStatusBarStyleDefault;
				"INFOPLIST_KEY_UIStatusBarStyle[sdk=iphonesimulator*]" = UIStatusBarStyleDefault;
				INFOPLIST_KEY_UISupportedInterfaceOrientations_iPad = "UIInterfaceOrientationPortrait UIInterfaceOrientationPortraitUpsideDown UIInterfaceOrientationLandscapeLeft UIInterfaceOrientationLandscapeRight";
				INFOPLIST_KEY_UISupportedInterfaceOrientations_iPhone = "UIInterfaceOrientationPortrait UIInterfaceOrientationLandscapeLeft UIInterfaceOrientationLandscapeRight";
				IPHONEOS_DEPLOYMENT_TARGET = 17.6;
				LD_RUNPATH_SEARCH_PATHS = "@executable_path/Frameworks";
				"LD_RUNPATH_SEARCH_PATHS[sdk=macosx*]" = "@executable_path/../Frameworks";
				MACOSX_DEPLOYMENT_TARGET = 15.0;
				MARKETING_VERSION = 1.0;
				PRODUCT_BUNDLE_IDENTIFIER = com.breakawaydesign.TrackStocks;
				PRODUCT_NAME = "$(TARGET_NAME)";
				REGISTER_APP_GROUPS = NO;
				SDKROOT = auto;
				SUPPORTED_PLATFORMS = "iphoneos iphonesimulator";
				SUPPORTS_MACCATALYST = NO;
				SUPPORTS_MAC_DESIGNED_FOR_IPHONE_IPAD = YES;
				SWIFT_EMIT_LOC_STRINGS = YES;
				SWIFT_VERSION = 5.0;
				TARGETED_DEVICE_FAMILY = "1,2";
				XROS_DEPLOYMENT_TARGET = 2.0;
			};
			name = Release;
		};
		B1C8402D2D2B6CE300D08C36 /* Debug */ = {
			isa = XCBuildConfiguration;
			buildSettings = {
				ASSETCATALOG_COMPILER_GLOBAL_ACCENT_COLOR_NAME = AccentColor;
				ASSETCATALOG_COMPILER_WIDGET_BACKGROUND_COLOR_NAME = WidgetBackground;
				CODE_SIGN_ENTITLEMENTS = StocksNotificationWidgetExtension.entitlements;
				CODE_SIGN_STYLE = Automatic;
				CURRENT_PROJECT_VERSION = 38;
				DEVELOPMENT_TEAM = DDDAQ32TPA;
				GENERATE_INFOPLIST_FILE = YES;
				INFOPLIST_FILE = StocksNotificationWidget/Info.plist;
				INFOPLIST_KEY_CFBundleDisplayName = StocksNotificationWidget;
				INFOPLIST_KEY_NSHumanReadableCopyright = "";
				IPHONEOS_DEPLOYMENT_TARGET = 18.0;
				LD_RUNPATH_SEARCH_PATHS = (
					"$(inherited)",
					"@executable_path/Frameworks",
					"@executable_path/../../Frameworks",
				);
				MARKETING_VERSION = 1.0;
				PRODUCT_BUNDLE_IDENTIFIER = com.breakawaydesign.TrackStocks.StocksNotificationWidget;
				PRODUCT_NAME = "$(TARGET_NAME)";
				SDKROOT = iphoneos;
				SKIP_INSTALL = YES;
				SWIFT_EMIT_LOC_STRINGS = YES;
				SWIFT_VERSION = 5.0;
				TARGETED_DEVICE_FAMILY = "1,2";
			};
			name = Debug;
		};
		B1C8402E2D2B6CE300D08C36 /* Release */ = {
			isa = XCBuildConfiguration;
			buildSettings = {
				ASSETCATALOG_COMPILER_GLOBAL_ACCENT_COLOR_NAME = AccentColor;
				ASSETCATALOG_COMPILER_WIDGET_BACKGROUND_COLOR_NAME = WidgetBackground;
				CODE_SIGN_ENTITLEMENTS = StocksNotificationWidgetExtension.entitlements;
				CODE_SIGN_STYLE = Automatic;
				CURRENT_PROJECT_VERSION = 38;
				DEVELOPMENT_TEAM = DDDAQ32TPA;
				GENERATE_INFOPLIST_FILE = YES;
				INFOPLIST_FILE = StocksNotificationWidget/Info.plist;
				INFOPLIST_KEY_CFBundleDisplayName = StocksNotificationWidget;
				INFOPLIST_KEY_NSHumanReadableCopyright = "";
				IPHONEOS_DEPLOYMENT_TARGET = 18.0;
				LD_RUNPATH_SEARCH_PATHS = (
					"$(inherited)",
					"@executable_path/Frameworks",
					"@executable_path/../../Frameworks",
				);
				MARKETING_VERSION = 1.0;
				PRODUCT_BUNDLE_IDENTIFIER = com.breakawaydesign.TrackStocks.StocksNotificationWidget;
				PRODUCT_NAME = "$(TARGET_NAME)";
				SDKROOT = iphoneos;
				SKIP_INSTALL = YES;
				SWIFT_EMIT_LOC_STRINGS = YES;
				SWIFT_VERSION = 5.0;
				TARGETED_DEVICE_FAMILY = "1,2";
				VALIDATE_PRODUCT = YES;
			};
			name = Release;
		};
/* End XCBuildConfiguration section */

/* Begin XCConfigurationList section */
		B13E6EE82CD2F6D100FEAAF4 /* Build configuration list for PBXProject "TrackStocks" */ = {
			isa = XCConfigurationList;
			buildConfigurations = (
				B13E6EFA2CD2F6D200FEAAF4 /* Debug */,
				B13E6EFB2CD2F6D200FEAAF4 /* Release */,
			);
			defaultConfigurationIsVisible = 0;
			defaultConfigurationName = Release;
		};
		B13E6EFC2CD2F6D200FEAAF4 /* Build configuration list for PBXNativeTarget "TrackStocks" */ = {
			isa = XCConfigurationList;
			buildConfigurations = (
				B13E6EFD2CD2F6D200FEAAF4 /* Debug */,
				B13E6EFE2CD2F6D200FEAAF4 /* Release */,
			);
			defaultConfigurationIsVisible = 0;
			defaultConfigurationName = Release;
		};
		B1C8402C2D2B6CE300D08C36 /* Build configuration list for PBXNativeTarget "StocksNotificationWidgetExtension" */ = {
			isa = XCConfigurationList;
			buildConfigurations = (
				B1C8402D2D2B6CE300D08C36 /* Debug */,
				B1C8402E2D2B6CE300D08C36 /* Release */,
			);
			defaultConfigurationIsVisible = 0;
			defaultConfigurationName = Release;
		};
/* End XCConfigurationList section */

/* Begin XCRemoteSwiftPackageReference section */
		B13E6EFF2CD30A0100FEAAF4 /* XCRemoteSwiftPackageReference "firebase-ios-sdk" */ = {
			isa = XCRemoteSwiftPackageReference;
			repositoryURL = "https://github.com/firebase/firebase-ios-sdk";
			requirement = {
				kind = upToNextMajorVersion;
				minimumVersion = 11.4.0;
			};
		};
/* End XCRemoteSwiftPackageReference section */

/* Begin XCSwiftPackageProductDependency section */
		B13E6F002CD30A0100FEAAF4 /* FirebaseAuth */ = {
			isa = XCSwiftPackageProductDependency;
			package = B13E6EFF2CD30A0100FEAAF4 /* XCRemoteSwiftPackageReference "firebase-ios-sdk" */;
			productName = FirebaseAuth;
		};
		B13E6F022CD30A0100FEAAF4 /* FirebaseAuthCombine-Community */ = {
			isa = XCSwiftPackageProductDependency;
			package = B13E6EFF2CD30A0100FEAAF4 /* XCRemoteSwiftPackageReference "firebase-ios-sdk" */;
			productName = "FirebaseAuthCombine-Community";
		};
		B13E6F042CD30A0100FEAAF4 /* FirebaseCore */ = {
			isa = XCSwiftPackageProductDependency;
			package = B13E6EFF2CD30A0100FEAAF4 /* XCRemoteSwiftPackageReference "firebase-ios-sdk" */;
			productName = FirebaseCore;
		};
		B13E6F062CD30A0100FEAAF4 /* FirebaseDatabase */ = {
			isa = XCSwiftPackageProductDependency;
			package = B13E6EFF2CD30A0100FEAAF4 /* XCRemoteSwiftPackageReference "firebase-ios-sdk" */;
			productName = FirebaseDatabase;
		};
		B13E6F082CD30A0100FEAAF4 /* FirebaseDynamicLinks */ = {
			isa = XCSwiftPackageProductDependency;
			package = B13E6EFF2CD30A0100FEAAF4 /* XCRemoteSwiftPackageReference "firebase-ios-sdk" */;
			productName = FirebaseDynamicLinks;
		};
		B13E6F0A2CD30A0100FEAAF4 /* FirebaseFirestore */ = {
			isa = XCSwiftPackageProductDependency;
			package = B13E6EFF2CD30A0100FEAAF4 /* XCRemoteSwiftPackageReference "firebase-ios-sdk" */;
			productName = FirebaseFirestore;
		};
		B13E6F0C2CD30A0100FEAAF4 /* FirebaseFirestoreCombine-Community */ = {
			isa = XCSwiftPackageProductDependency;
			package = B13E6EFF2CD30A0100FEAAF4 /* XCRemoteSwiftPackageReference "firebase-ios-sdk" */;
			productName = "FirebaseFirestoreCombine-Community";
		};
		B13E6F0E2CD30A0100FEAAF4 /* FirebaseFunctions */ = {
			isa = XCSwiftPackageProductDependency;
			package = B13E6EFF2CD30A0100FEAAF4 /* XCRemoteSwiftPackageReference "firebase-ios-sdk" */;
			productName = FirebaseFunctions;
		};
		B13E6F102CD30A0100FEAAF4 /* FirebaseFunctionsCombine-Community */ = {
			isa = XCSwiftPackageProductDependency;
			package = B13E6EFF2CD30A0100FEAAF4 /* XCRemoteSwiftPackageReference "firebase-ios-sdk" */;
			productName = "FirebaseFunctionsCombine-Community";
		};
		B13E6F122CD30A0100FEAAF4 /* FirebaseInAppMessaging-Beta */ = {
			isa = XCSwiftPackageProductDependency;
			package = B13E6EFF2CD30A0100FEAAF4 /* XCRemoteSwiftPackageReference "firebase-ios-sdk" */;
			productName = "FirebaseInAppMessaging-Beta";
		};
		B13E6F142CD30A0100FEAAF4 /* FirebaseMessaging */ = {
			isa = XCSwiftPackageProductDependency;
			package = B13E6EFF2CD30A0100FEAAF4 /* XCRemoteSwiftPackageReference "firebase-ios-sdk" */;
			productName = FirebaseMessaging;
		};
		B13E6F162CD30A0100FEAAF4 /* FirebaseStorage */ = {
			isa = XCSwiftPackageProductDependency;
			package = B13E6EFF2CD30A0100FEAAF4 /* XCRemoteSwiftPackageReference "firebase-ios-sdk" */;
			productName = FirebaseStorage;
		};
		B13E6F182CD30A0100FEAAF4 /* FirebaseStorageCombine-Community */ = {
			isa = XCSwiftPackageProductDependency;
			package = B13E6EFF2CD30A0100FEAAF4 /* XCRemoteSwiftPackageReference "firebase-ios-sdk" */;
			productName = "FirebaseStorageCombine-Community";
		};
		B1C840372D2C52C300D08C36 /* FirebaseAuth */ = {
			isa = XCSwiftPackageProductDependency;
			package = B13E6EFF2CD30A0100FEAAF4 /* XCRemoteSwiftPackageReference "firebase-ios-sdk" */;
			productName = FirebaseAuth;
		};
		B1C840392D2C52CB00D08C36 /* FirebaseFirestore */ = {
			isa = XCSwiftPackageProductDependency;
			package = B13E6EFF2CD30A0100FEAAF4 /* XCRemoteSwiftPackageReference "firebase-ios-sdk" */;
			productName = FirebaseFirestore;
		};
		B1C8403B2D2C52D900D08C36 /* FirebaseFunctions */ = {
			isa = XCSwiftPackageProductDependency;
			package = B13E6EFF2CD30A0100FEAAF4 /* XCRemoteSwiftPackageReference "firebase-ios-sdk" */;
			productName = FirebaseFunctions;
		};
		B1C8403D2D2C52E100D08C36 /* FirebaseMessaging */ = {
			isa = XCSwiftPackageProductDependency;
			package = B13E6EFF2CD30A0100FEAAF4 /* XCRemoteSwiftPackageReference "firebase-ios-sdk" */;
			productName = FirebaseMessaging;
		};
		B1C8403F2D2C52E700D08C36 /* FirebaseStorage */ = {
			isa = XCSwiftPackageProductDependency;
			package = B13E6EFF2CD30A0100FEAAF4 /* XCRemoteSwiftPackageReference "firebase-ios-sdk" */;
			productName = FirebaseStorage;
		};
		B1C840462D2C555400D08C36 /* FirebaseCore */ = {
			isa = XCSwiftPackageProductDependency;
			package = B13E6EFF2CD30A0100FEAAF4 /* XCRemoteSwiftPackageReference "firebase-ios-sdk" */;
			productName = FirebaseCore;
		};
/* End XCSwiftPackageProductDependency section */
	};
	rootObject = B13E6EE52CD2F6D100FEAAF4 /* Project object */;
}
